github.com/go-michi/michi v0.0.1 h1:n0+8HVYljEZapyRZ2pfFo8GTQiiEPmGuJOfuBtmIFMQ=
github.com/go-michi/michi v0.0.1/go.mod h1:zRfxdffGAlNXjp6ZXH9NR/T9WHlhRczkM5QHdyjC6xM=
github.com/mattn/go-sqlite3 v1.14.22 h1:2gZY6PC6kBnID23Tichd1K+Z0oS6nE/XwU+Vz/5o4kU=
github.com/mattn/go-sqlite3 v1.14.22/go.mod h1:Uh1q+B4BYcTPb+yiD3kU8Ct7aC0hY9fxUwlHK0RXw+Y=
